// !$*UTF8*$!
{
	archiveVersion = 1;
	classes = {
	};
	objectVersion = 46;
	objects = {

/* Begin PBXBuildFile section */
		182BDE611F97BCFE00455D7F /* MultipeerCommunicator.swift in Sources */ = {isa = PBXBuildFile; fileRef = 182BDE601F97BCFE00455D7F /* MultipeerCommunicator.swift */; };
		182BDE831F98C73800455D7F /* CommunicationManager.swift in Sources */ = {isa = PBXBuildFile; fileRef = 182BDE821F98C73800455D7F /* CommunicationManager.swift */; };
		184A94081FAB42A800D64552 /* TinkoffChat.xcdatamodeld in Sources */ = {isa = PBXBuildFile; fileRef = 184A94061FAB42A800D64552 /* TinkoffChat.xcdatamodeld */; };
		184A940A1FAB441300D64552 /* CoreDataStack.swift in Sources */ = {isa = PBXBuildFile; fileRef = 184A94091FAB441300D64552 /* CoreDataStack.swift */; };
		184D16671F72C9D400BBF892 /* AppDelegate.swift in Sources */ = {isa = PBXBuildFile; fileRef = 184D16661F72C9D400BBF892 /* AppDelegate.swift */; };
		184D16691F72C9D400BBF892 /* ProfileViewController.swift in Sources */ = {isa = PBXBuildFile; fileRef = 184D16681F72C9D400BBF892 /* ProfileViewController.swift */; };
		184D166C1F72C9D400BBF892 /* ConversationsList.storyboard in Resources */ = {isa = PBXBuildFile; fileRef = 184D166A1F72C9D400BBF892 /* ConversationsList.storyboard */; };
		184D166E1F72C9D400BBF892 /* Assets.xcassets in Resources */ = {isa = PBXBuildFile; fileRef = 184D166D1F72C9D400BBF892 /* Assets.xcassets */; };
		184D16711F72C9D400BBF892 /* LaunchScreen.storyboard in Resources */ = {isa = PBXBuildFile; fileRef = 184D166F1F72C9D400BBF892 /* LaunchScreen.storyboard */; };
		184D16791F72D1A900BBF892 /* Media.xcassets in Resources */ = {isa = PBXBuildFile; fileRef = 184D16781F72D1A800BBF892 /* Media.xcassets */; };
		185387A61FB88E6600F15D11 /* IDataProvider.swift in Sources */ = {isa = PBXBuildFile; fileRef = 185387A51FB88E6600F15D11 /* IDataProvider.swift */; };
		1860BCA61FA607D0006B802C /* Profile.storyboard in Resources */ = {isa = PBXBuildFile; fileRef = 1860BCA41FA607D0006B802C /* Profile.storyboard */; };
		1860BCA81FA6081C006B802C /* Conversation.storyboard in Resources */ = {isa = PBXBuildFile; fileRef = 1860BCA71FA6081C006B802C /* Conversation.storyboard */; };
		186174E61F937CA40003FCE3 /* Helpers.swift in Sources */ = {isa = PBXBuildFile; fileRef = 186174E51F937CA40003FCE3 /* Helpers.swift */; };
		186D44171F867971001415FE /* ConversationsListViewController.swift in Sources */ = {isa = PBXBuildFile; fileRef = 186D44161F867971001415FE /* ConversationsListViewController.swift */; };
		186D44191F8683A9001415FE /* ConversationsListCell.swift in Sources */ = {isa = PBXBuildFile; fileRef = 186D44181F8683A9001415FE /* ConversationsListCell.swift */; };
		1880DBAD1FA681FC002246DA /* ProfileModel.swift in Sources */ = {isa = PBXBuildFile; fileRef = 1880DBAC1FA681FC002246DA /* ProfileModel.swift */; };
		1880DBAF1FA689A5002246DA /* ProfileService.swift in Sources */ = {isa = PBXBuildFile; fileRef = 1880DBAE1FA689A5002246DA /* ProfileService.swift */; };
		1880DBB21FA68DFC002246DA /* GCDDataManager.swift in Sources */ = {isa = PBXBuildFile; fileRef = 1880DBB11FA68DFC002246DA /* GCDDataManager.swift */; };
		1880DBB41FA68E0A002246DA /* OperationDataManager.swift in Sources */ = {isa = PBXBuildFile; fileRef = 1880DBB31FA68E0A002246DA /* OperationDataManager.swift */; };
		1880DBB61FA68E91002246DA /* IDataManager.swift in Sources */ = {isa = PBXBuildFile; fileRef = 1880DBB51FA68E91002246DA /* IDataManager.swift */; };
		1880DBBA1FA6B1C6002246DA /* ProfileAssembly.swift in Sources */ = {isa = PBXBuildFile; fileRef = 1880DBB91FA6B1C6002246DA /* ProfileAssembly.swift */; };
		1880DBBC1FA70BA0002246DA /* RootAssembly.swift in Sources */ = {isa = PBXBuildFile; fileRef = 1880DBBB1FA70BA0002246DA /* RootAssembly.swift */; };
		1880DBBE1FA70BEF002246DA /* ConversationsListAssembly.swift in Sources */ = {isa = PBXBuildFile; fileRef = 1880DBBD1FA70BEF002246DA /* ConversationsListAssembly.swift */; };
		1880DBC01FA70D30002246DA /* ConversationsListModel.swift in Sources */ = {isa = PBXBuildFile; fileRef = 1880DBBF1FA70D30002246DA /* ConversationsListModel.swift */; };
		1880DBC41FA71932002246DA /* ConversationModel.swift in Sources */ = {isa = PBXBuildFile; fileRef = 1880DBC31FA71932002246DA /* ConversationModel.swift */; };
		1880DBC61FA71942002246DA /* ConversationAssembly.swift in Sources */ = {isa = PBXBuildFile; fileRef = 1880DBC51FA71942002246DA /* ConversationAssembly.swift */; };
		18CE057B1FAC6AEF007A3F8F /* StorageManager.swift in Sources */ = {isa = PBXBuildFile; fileRef = 18CE057A1FAC6AEF007A3F8F /* StorageManager.swift */; };
		18CE057F1FAC6EDD007A3F8F /* AppUser.swift in Sources */ = {isa = PBXBuildFile; fileRef = 18CE057E1FAC6EDD007A3F8F /* AppUser.swift */; };
		18CE05811FAC7DDC007A3F8F /* User.swift in Sources */ = {isa = PBXBuildFile; fileRef = 18CE05801FAC7DDC007A3F8F /* User.swift */; };
		18D079C61F89AD48003E45E4 /* ConversationsListCellData.swift in Sources */ = {isa = PBXBuildFile; fileRef = 18D079C51F89AD48003E45E4 /* ConversationsListCellData.swift */; };
		18D079C81F89CA87003E45E4 /* ConversationViewController.swift in Sources */ = {isa = PBXBuildFile; fileRef = 18D079C71F89CA87003E45E4 /* ConversationViewController.swift */; };
		18D079CA1F89D055003E45E4 /* MessageCell.swift in Sources */ = {isa = PBXBuildFile; fileRef = 18D079C91F89D055003E45E4 /* MessageCell.swift */; };
		18D079D01F8AC6F9003E45E4 /* ConversationCellData.swift in Sources */ = {isa = PBXBuildFile; fileRef = 18D079CF1F8AC6F9003E45E4 /* ConversationCellData.swift */; };
		18E4715B1FB9BE510055E516 /* IStorageManager.swift in Sources */ = {isa = PBXBuildFile; fileRef = 18E4715A1FB9BE510055E516 /* IStorageManager.swift */; };
		18E4E1291FB74C7200E550D3 /* Message.swift in Sources */ = {isa = PBXBuildFile; fileRef = 18E4E1281FB74C7200E550D3 /* Message.swift */; };
		18E4E12B1FB74C8700E550D3 /* Conversation.swift in Sources */ = {isa = PBXBuildFile; fileRef = 18E4E12A1FB74C8700E550D3 /* Conversation.swift */; };
		18E4E12D1FB74E6A00E550D3 /* ConversationDataProvider.swift in Sources */ = {isa = PBXBuildFile; fileRef = 18E4E12C1FB74E6A00E550D3 /* ConversationDataProvider.swift */; };
		18E4E12F1FB771AF00E550D3 /* ConversationsListDataProvider.swift in Sources */ = {isa = PBXBuildFile; fileRef = 18E4E12E1FB771AF00E550D3 /* ConversationsListDataProvider.swift */; };
/* End PBXBuildFile section */

/* Begin PBXFileReference section */
		182BDE601F97BCFE00455D7F /* MultipeerCommunicator.swift */ = {isa = PBXFileReference; lastKnownFileType = sourcecode.swift; path = MultipeerCommunicator.swift; sourceTree = "<group>"; };
		182BDE821F98C73800455D7F /* CommunicationManager.swift */ = {isa = PBXFileReference; lastKnownFileType = sourcecode.swift; path = CommunicationManager.swift; sourceTree = "<group>"; };
		184A94071FAB42A800D64552 /* TinkoffChatDataModel.xcdatamodel */ = {isa = PBXFileReference; lastKnownFileType = wrapper.xcdatamodel; path = TinkoffChatDataModel.xcdatamodel; sourceTree = "<group>"; };
		184A94091FAB441300D64552 /* CoreDataStack.swift */ = {isa = PBXFileReference; lastKnownFileType = sourcecode.swift; path = CoreDataStack.swift; sourceTree = "<group>"; };
		184D16631F72C9D400BBF892 /* TinkoffChat.app */ = {isa = PBXFileReference; explicitFileType = wrapper.application; includeInIndex = 0; path = TinkoffChat.app; sourceTree = BUILT_PRODUCTS_DIR; };
		184D16661F72C9D400BBF892 /* AppDelegate.swift */ = {isa = PBXFileReference; lastKnownFileType = sourcecode.swift; path = AppDelegate.swift; sourceTree = "<group>"; };
		184D16681F72C9D400BBF892 /* ProfileViewController.swift */ = {isa = PBXFileReference; lastKnownFileType = sourcecode.swift; path = ProfileViewController.swift; sourceTree = "<group>"; };
		184D166B1F72C9D400BBF892 /* Base */ = {isa = PBXFileReference; lastKnownFileType = file.storyboard; name = Base; path = Base.lproj/ConversationsList.storyboard; sourceTree = "<group>"; };
		184D166D1F72C9D400BBF892 /* Assets.xcassets */ = {isa = PBXFileReference; lastKnownFileType = folder.assetcatalog; path = Assets.xcassets; sourceTree = "<group>"; };
		184D16701F72C9D400BBF892 /* Base */ = {isa = PBXFileReference; lastKnownFileType = file.storyboard; name = Base; path = Base.lproj/LaunchScreen.storyboard; sourceTree = "<group>"; };
		184D16721F72C9D400BBF892 /* Info.plist */ = {isa = PBXFileReference; lastKnownFileType = text.plist.xml; path = Info.plist; sourceTree = "<group>"; };
		184D16781F72D1A800BBF892 /* Media.xcassets */ = {isa = PBXFileReference; lastKnownFileType = folder.assetcatalog; path = Media.xcassets; sourceTree = "<group>"; };
		185387A51FB88E6600F15D11 /* IDataProvider.swift */ = {isa = PBXFileReference; lastKnownFileType = sourcecode.swift; path = IDataProvider.swift; sourceTree = "<group>"; };
		1860BCA51FA607D0006B802C /* Base */ = {isa = PBXFileReference; lastKnownFileType = file.storyboard; name = Base; path = Base.lproj/Profile.storyboard; sourceTree = "<group>"; };
		1860BCA71FA6081C006B802C /* Conversation.storyboard */ = {isa = PBXFileReference; fileEncoding = 4; lastKnownFileType = file.storyboard; path = Conversation.storyboard; sourceTree = "<group>"; };
		186174E51F937CA40003FCE3 /* Helpers.swift */ = {isa = PBXFileReference; lastKnownFileType = sourcecode.swift; path = Helpers.swift; sourceTree = "<group>"; };
		186D44161F867971001415FE /* ConversationsListViewController.swift */ = {isa = PBXFileReference; lastKnownFileType = sourcecode.swift; path = ConversationsListViewController.swift; sourceTree = "<group>"; };
		186D44181F8683A9001415FE /* ConversationsListCell.swift */ = {isa = PBXFileReference; lastKnownFileType = sourcecode.swift; path = ConversationsListCell.swift; sourceTree = "<group>"; };
		1880DBAC1FA681FC002246DA /* ProfileModel.swift */ = {isa = PBXFileReference; lastKnownFileType = sourcecode.swift; path = ProfileModel.swift; sourceTree = "<group>"; };
		1880DBAE1FA689A5002246DA /* ProfileService.swift */ = {isa = PBXFileReference; lastKnownFileType = sourcecode.swift; path = ProfileService.swift; sourceTree = "<group>"; };
		1880DBB11FA68DFC002246DA /* GCDDataManager.swift */ = {isa = PBXFileReference; lastKnownFileType = sourcecode.swift; path = GCDDataManager.swift; sourceTree = "<group>"; };
		1880DBB31FA68E0A002246DA /* OperationDataManager.swift */ = {isa = PBXFileReference; lastKnownFileType = sourcecode.swift; path = OperationDataManager.swift; sourceTree = "<group>"; };
		1880DBB51FA68E91002246DA /* IDataManager.swift */ = {isa = PBXFileReference; lastKnownFileType = sourcecode.swift; path = IDataManager.swift; sourceTree = "<group>"; };
		1880DBB91FA6B1C6002246DA /* ProfileAssembly.swift */ = {isa = PBXFileReference; lastKnownFileType = sourcecode.swift; path = ProfileAssembly.swift; sourceTree = "<group>"; };
		1880DBBB1FA70BA0002246DA /* RootAssembly.swift */ = {isa = PBXFileReference; lastKnownFileType = sourcecode.swift; path = RootAssembly.swift; sourceTree = "<group>"; };
		1880DBBD1FA70BEF002246DA /* ConversationsListAssembly.swift */ = {isa = PBXFileReference; lastKnownFileType = sourcecode.swift; path = ConversationsListAssembly.swift; sourceTree = "<group>"; };
		1880DBBF1FA70D30002246DA /* ConversationsListModel.swift */ = {isa = PBXFileReference; lastKnownFileType = sourcecode.swift; path = ConversationsListModel.swift; sourceTree = "<group>"; };
		1880DBC31FA71932002246DA /* ConversationModel.swift */ = {isa = PBXFileReference; lastKnownFileType = sourcecode.swift; path = ConversationModel.swift; sourceTree = "<group>"; };
		1880DBC51FA71942002246DA /* ConversationAssembly.swift */ = {isa = PBXFileReference; lastKnownFileType = sourcecode.swift; path = ConversationAssembly.swift; sourceTree = "<group>"; };
		18CE057A1FAC6AEF007A3F8F /* StorageManager.swift */ = {isa = PBXFileReference; lastKnownFileType = sourcecode.swift; path = StorageManager.swift; sourceTree = "<group>"; };
		18CE057E1FAC6EDD007A3F8F /* AppUser.swift */ = {isa = PBXFileReference; lastKnownFileType = sourcecode.swift; path = AppUser.swift; sourceTree = "<group>"; };
		18CE05801FAC7DDC007A3F8F /* User.swift */ = {isa = PBXFileReference; lastKnownFileType = sourcecode.swift; path = User.swift; sourceTree = "<group>"; };
		18D079C51F89AD48003E45E4 /* ConversationsListCellData.swift */ = {isa = PBXFileReference; lastKnownFileType = sourcecode.swift; path = ConversationsListCellData.swift; sourceTree = "<group>"; };
		18D079C71F89CA87003E45E4 /* ConversationViewController.swift */ = {isa = PBXFileReference; lastKnownFileType = sourcecode.swift; path = ConversationViewController.swift; sourceTree = "<group>"; };
		18D079C91F89D055003E45E4 /* MessageCell.swift */ = {isa = PBXFileReference; lastKnownFileType = sourcecode.swift; path = MessageCell.swift; sourceTree = "<group>"; };
		18D079CF1F8AC6F9003E45E4 /* ConversationCellData.swift */ = {isa = PBXFileReference; lastKnownFileType = sourcecode.swift; path = ConversationCellData.swift; sourceTree = "<group>"; };
		18E4715A1FB9BE510055E516 /* IStorageManager.swift */ = {isa = PBXFileReference; lastKnownFileType = sourcecode.swift; path = IStorageManager.swift; sourceTree = "<group>"; };
		18E4E1281FB74C7200E550D3 /* Message.swift */ = {isa = PBXFileReference; lastKnownFileType = sourcecode.swift; path = Message.swift; sourceTree = "<group>"; };
		18E4E12A1FB74C8700E550D3 /* Conversation.swift */ = {isa = PBXFileReference; lastKnownFileType = sourcecode.swift; path = Conversation.swift; sourceTree = "<group>"; };
		18E4E12C1FB74E6A00E550D3 /* ConversationDataProvider.swift */ = {isa = PBXFileReference; lastKnownFileType = sourcecode.swift; path = ConversationDataProvider.swift; sourceTree = "<group>"; };
		18E4E12E1FB771AF00E550D3 /* ConversationsListDataProvider.swift */ = {isa = PBXFileReference; lastKnownFileType = sourcecode.swift; path = ConversationsListDataProvider.swift; sourceTree = "<group>"; };
/* End PBXFileReference section */

/* Begin PBXFrameworksBuildPhase section */
		184D16601F72C9D400BBF892 /* Frameworks */ = {
			isa = PBXFrameworksBuildPhase;
			buildActionMask = 2147483647;
			files = (
			);
			runOnlyForDeploymentPostprocessing = 0;
		};
/* End PBXFrameworksBuildPhase section */

/* Begin PBXGroup section */
		184D165A1F72C9D400BBF892 = {
			isa = PBXGroup;
			children = (
				184D16641F72C9D400BBF892 /* Products */,
				184D16651F72C9D400BBF892 /* TinkoffChat */,
			);
			sourceTree = "<group>";
		};
		184D16641F72C9D400BBF892 /* Products */ = {
			isa = PBXGroup;
			children = (
				184D16631F72C9D400BBF892 /* TinkoffChat.app */,
			);
			name = Products;
			sourceTree = "<group>";
		};
		184D16651F72C9D400BBF892 /* TinkoffChat */ = {
			isa = PBXGroup;
			children = (
				1860BCAB1FA609CF006B802C /* PresentationLayer */,
				1860BCAA1FA609A1006B802C /* ServiceLayer */,
				1860BCA91FA6098B006B802C /* CoreLayer */,
				184D16661F72C9D400BBF892 /* AppDelegate.swift */,
				1880DBBB1FA70BA0002246DA /* RootAssembly.swift */,
				184D166D1F72C9D400BBF892 /* Assets.xcassets */,
				184D16781F72D1A800BBF892 /* Media.xcassets */,
				184D16721F72C9D400BBF892 /* Info.plist */,
				184D166F1F72C9D400BBF892 /* LaunchScreen.storyboard */,
				186174E51F937CA40003FCE3 /* Helpers.swift */,
			);
			path = TinkoffChat;
			sourceTree = "<group>";
		};
		184FFC581FBA17B500B398C7 /* DataProviders */ = {
			isa = PBXGroup;
			children = (
				18E4E12E1FB771AF00E550D3 /* ConversationsListDataProvider.swift */,
				18E4E12C1FB74E6A00E550D3 /* ConversationDataProvider.swift */,
				185387A51FB88E6600F15D11 /* IDataProvider.swift */,
			);
			path = DataProviders;
			sourceTree = "<group>";
		};
		1860BCA91FA6098B006B802C /* CoreLayer */ = {
			isa = PBXGroup;
			children = (
				1880DBB81FA68F09002246DA /* DataManager */,
				1880DBB71FA68EE1002246DA /* MultipeerCommunicator */,
			);
			path = CoreLayer;
			sourceTree = "<group>";
		};
		1860BCAA1FA609A1006B802C /* ServiceLayer */ = {
			isa = PBXGroup;
			children = (
				182BDE821F98C73800455D7F /* CommunicationManager.swift */,
				1880DBAE1FA689A5002246DA /* ProfileService.swift */,
			);
			path = ServiceLayer;
			sourceTree = "<group>";
		};
		1860BCAB1FA609CF006B802C /* PresentationLayer */ = {
			isa = PBXGroup;
			children = (
				1880DB9F1FA67ADA002246DA /* Modules */,
			);
			path = PresentationLayer;
			sourceTree = "<group>";
		};
		1880DB9F1FA67ADA002246DA /* Modules */ = {
			isa = PBXGroup;
			children = (
				1880DBA21FA67AFA002246DA /* Conversation */,
				1880DBA11FA67AEE002246DA /* ConversationsList */,
				1880DBA01FA67AE2002246DA /* Profile */,
			);
			path = Modules;
			sourceTree = "<group>";
		};
		1880DBA01FA67AE2002246DA /* Profile */ = {
			isa = PBXGroup;
			children = (
				1860BCA41FA607D0006B802C /* Profile.storyboard */,
				1880DBB91FA6B1C6002246DA /* ProfileAssembly.swift */,
				1880DBAC1FA681FC002246DA /* ProfileModel.swift */,
				184D16681F72C9D400BBF892 /* ProfileViewController.swift */,
			);
			path = Profile;
			sourceTree = "<group>";
		};
		1880DBA11FA67AEE002246DA /* ConversationsList */ = {
			isa = PBXGroup;
			children = (
				184D166A1F72C9D400BBF892 /* ConversationsList.storyboard */,
				1880DBBD1FA70BEF002246DA /* ConversationsListAssembly.swift */,
				186D44181F8683A9001415FE /* ConversationsListCell.swift */,
				18D079C51F89AD48003E45E4 /* ConversationsListCellData.swift */,
				1880DBBF1FA70D30002246DA /* ConversationsListModel.swift */,
				186D44161F867971001415FE /* ConversationsListViewController.swift */,
			);
			path = ConversationsList;
			sourceTree = "<group>";
		};
		1880DBA21FA67AFA002246DA /* Conversation */ = {
			isa = PBXGroup;
			children = (
				1860BCA71FA6081C006B802C /* Conversation.storyboard */,
				1880DBC51FA71942002246DA /* ConversationAssembly.swift */,
				18D079CF1F8AC6F9003E45E4 /* ConversationCellData.swift */,
				1880DBC31FA71932002246DA /* ConversationModel.swift */,
				18D079C71F89CA87003E45E4 /* ConversationViewController.swift */,
				18D079C91F89D055003E45E4 /* MessageCell.swift */,
			);
			path = Conversation;
			sourceTree = "<group>";
		};
		1880DBB71FA68EE1002246DA /* MultipeerCommunicator */ = {
			isa = PBXGroup;
			children = (
				182BDE601F97BCFE00455D7F /* MultipeerCommunicator.swift */,
			);
			path = MultipeerCommunicator;
			sourceTree = "<group>";
		};
		1880DBB81FA68F09002246DA /* DataManager */ = {
			isa = PBXGroup;
			children = (
				18CE05A41FAE01F2007A3F8F /* CoreData */,
				18E471591FB9AA230055E516 /* Multithreading */,
			);
			path = DataManager;
			sourceTree = "<group>";
		};
		18CE05A41FAE01F2007A3F8F /* CoreData */ = {
			isa = PBXGroup;
			children = (
				184FFC581FBA17B500B398C7 /* DataProviders */,
				18E4E1271FB74C5400E550D3 /* Entities */,
				184A94061FAB42A800D64552 /* TinkoffChat.xcdatamodeld */,
				184A94091FAB441300D64552 /* CoreDataStack.swift */,
				18E4715A1FB9BE510055E516 /* IStorageManager.swift */,
				18CE057A1FAC6AEF007A3F8F /* StorageManager.swift */,
			);
			path = CoreData;
			sourceTree = "<group>";
		};
		18E471591FB9AA230055E516 /* Multithreading */ = {
			isa = PBXGroup;
			children = (
				1880DBB51FA68E91002246DA /* IDataManager.swift */,
				1880DBB11FA68DFC002246DA /* GCDDataManager.swift */,
				1880DBB31FA68E0A002246DA /* OperationDataManager.swift */,
			);
			path = Multithreading;
			sourceTree = "<group>";
		};
		18E4E1271FB74C5400E550D3 /* Entities */ = {
			isa = PBXGroup;
			children = (
				18CE057E1FAC6EDD007A3F8F /* AppUser.swift */,
				18CE05801FAC7DDC007A3F8F /* User.swift */,
				18E4E1281FB74C7200E550D3 /* Message.swift */,
				18E4E12A1FB74C8700E550D3 /* Conversation.swift */,
			);
			path = Entities;
			sourceTree = "<group>";
		};
/* End PBXGroup section */

/* Begin PBXNativeTarget section */
		184D16621F72C9D400BBF892 /* TinkoffChat */ = {
			isa = PBXNativeTarget;
			buildConfigurationList = 184D16751F72C9D400BBF892 /* Build configuration list for PBXNativeTarget "TinkoffChat" */;
			buildPhases = (
				184D165F1F72C9D400BBF892 /* Sources */,
				184D16601F72C9D400BBF892 /* Frameworks */,
				184D16611F72C9D400BBF892 /* Resources */,
			);
			buildRules = (
			);
			dependencies = (
			);
			name = TinkoffChat;
			productName = TinkoffChat;
			productReference = 184D16631F72C9D400BBF892 /* TinkoffChat.app */;
			productType = "com.apple.product-type.application";
		};
/* End PBXNativeTarget section */

/* Begin PBXProject section */
		184D165B1F72C9D400BBF892 /* Project object */ = {
			isa = PBXProject;
			attributes = {
				LastSwiftUpdateCheck = 0830;
				LastUpgradeCheck = 0900;
				ORGANIZATIONNAME = "Maria Semakova";
				TargetAttributes = {
					184D16621F72C9D400BBF892 = {
						CreatedOnToolsVersion = 8.3.3;
						DevelopmentTeam = 5R44JKFPWH;
						LastSwiftMigration = 0900;
						ProvisioningStyle = Automatic;
					};
				};
			};
			buildConfigurationList = 184D165E1F72C9D400BBF892 /* Build configuration list for PBXProject "TinkoffChat" */;
			compatibilityVersion = "Xcode 3.2";
			developmentRegion = English;
			hasScannedForEncodings = 0;
			knownRegions = (
				en,
				Base,
			);
			mainGroup = 184D165A1F72C9D400BBF892;
			productRefGroup = 184D16641F72C9D400BBF892 /* Products */;
			projectDirPath = "";
			projectRoot = "";
			targets = (
				184D16621F72C9D400BBF892 /* TinkoffChat */,
			);
		};
/* End PBXProject section */

/* Begin PBXResourcesBuildPhase section */
		184D16611F72C9D400BBF892 /* Resources */ = {
			isa = PBXResourcesBuildPhase;
			buildActionMask = 2147483647;
			files = (
				184D16711F72C9D400BBF892 /* LaunchScreen.storyboard in Resources */,
				184D166E1F72C9D400BBF892 /* Assets.xcassets in Resources */,
				1860BCA61FA607D0006B802C /* Profile.storyboard in Resources */,
				1860BCA81FA6081C006B802C /* Conversation.storyboard in Resources */,
				184D16791F72D1A900BBF892 /* Media.xcassets in Resources */,
				184D166C1F72C9D400BBF892 /* ConversationsList.storyboard in Resources */,
			);
			runOnlyForDeploymentPostprocessing = 0;
		};
/* End PBXResourcesBuildPhase section */

/* Begin PBXSourcesBuildPhase section */
		184D165F1F72C9D400BBF892 /* Sources */ = {
			isa = PBXSourcesBuildPhase;
			buildActionMask = 2147483647;
			files = (
				186D44191F8683A9001415FE /* ConversationsListCell.swift in Sources */,
				182BDE611F97BCFE00455D7F /* MultipeerCommunicator.swift in Sources */,
				18E4E12B1FB74C8700E550D3 /* Conversation.swift in Sources */,
				18CE057B1FAC6AEF007A3F8F /* StorageManager.swift in Sources */,
				1880DBC01FA70D30002246DA /* ConversationsListModel.swift in Sources */,
				1880DBB21FA68DFC002246DA /* GCDDataManager.swift in Sources */,
				18CE05811FAC7DDC007A3F8F /* User.swift in Sources */,
				18E4E12D1FB74E6A00E550D3 /* ConversationDataProvider.swift in Sources */,
				1880DBC41FA71932002246DA /* ConversationModel.swift in Sources */,
				1880DBB61FA68E91002246DA /* IDataManager.swift in Sources */,
				18D079C61F89AD48003E45E4 /* ConversationsListCellData.swift in Sources */,
				186174E61F937CA40003FCE3 /* Helpers.swift in Sources */,
				1880DBC61FA71942002246DA /* ConversationAssembly.swift in Sources */,
				18D079C81F89CA87003E45E4 /* ConversationViewController.swift in Sources */,
				1880DBBC1FA70BA0002246DA /* RootAssembly.swift in Sources */,
				18E4E1291FB74C7200E550D3 /* Message.swift in Sources */,
				18D079D01F8AC6F9003E45E4 /* ConversationCellData.swift in Sources */,
				184D16691F72C9D400BBF892 /* ProfileViewController.swift in Sources */,
				18CE057F1FAC6EDD007A3F8F /* AppUser.swift in Sources */,
				1880DBAD1FA681FC002246DA /* ProfileModel.swift in Sources */,
				184D16671F72C9D400BBF892 /* AppDelegate.swift in Sources */,
				184A940A1FAB441300D64552 /* CoreDataStack.swift in Sources */,
				186D44171F867971001415FE /* ConversationsListViewController.swift in Sources */,
				182BDE831F98C73800455D7F /* CommunicationManager.swift in Sources */,
				18D079CA1F89D055003E45E4 /* MessageCell.swift in Sources */,
				184A94081FAB42A800D64552 /* TinkoffChat.xcdatamodeld in Sources */,
				1880DBBE1FA70BEF002246DA /* ConversationsListAssembly.swift in Sources */,
				18E4715B1FB9BE510055E516 /* IStorageManager.swift in Sources */,
				1880DBB41FA68E0A002246DA /* OperationDataManager.swift in Sources */,
				185387A61FB88E6600F15D11 /* IDataProvider.swift in Sources */,
				1880DBAF1FA689A5002246DA /* ProfileService.swift in Sources */,
				1880DBBA1FA6B1C6002246DA /* ProfileAssembly.swift in Sources */,
				18E4E12F1FB771AF00E550D3 /* ConversationsListDataProvider.swift in Sources */,
			);
			runOnlyForDeploymentPostprocessing = 0;
		};
/* End PBXSourcesBuildPhase section */

/* Begin PBXVariantGroup section */
		184D166A1F72C9D400BBF892 /* ConversationsList.storyboard */ = {
			isa = PBXVariantGroup;
			children = (
				184D166B1F72C9D400BBF892 /* Base */,
			);
			name = ConversationsList.storyboard;
			path = .;
			sourceTree = "<group>";
		};
		184D166F1F72C9D400BBF892 /* LaunchScreen.storyboard */ = {
			isa = PBXVariantGroup;
			children = (
				184D16701F72C9D400BBF892 /* Base */,
			);
			name = LaunchScreen.storyboard;
			path = .;
			sourceTree = "<group>";
		};
		1860BCA41FA607D0006B802C /* Profile.storyboard */ = {
			isa = PBXVariantGroup;
			children = (
				1860BCA51FA607D0006B802C /* Base */,
			);
			name = Profile.storyboard;
			path = .;
			sourceTree = "<group>";
		};
/* End PBXVariantGroup section */

/* Begin XCBuildConfiguration section */
		184D16731F72C9D400BBF892 /* Debug */ = {
			isa = XCBuildConfiguration;
			buildSettings = {
				ALWAYS_SEARCH_USER_PATHS = NO;
				CLANG_ANALYZER_NONNULL = YES;
				CLANG_ANALYZER_NUMBER_OBJECT_CONVERSION = YES_AGGRESSIVE;
				CLANG_CXX_LANGUAGE_STANDARD = "gnu++0x";
				CLANG_CXX_LIBRARY = "libc++";
				CLANG_ENABLE_MODULES = YES;
				CLANG_ENABLE_OBJC_ARC = YES;
				CLANG_WARN_BLOCK_CAPTURE_AUTORELEASING = YES;
				CLANG_WARN_BOOL_CONVERSION = YES;
				CLANG_WARN_COMMA = YES;
				CLANG_WARN_CONSTANT_CONVERSION = YES;
				CLANG_WARN_DIRECT_OBJC_ISA_USAGE = YES_ERROR;
				CLANG_WARN_DOCUMENTATION_COMMENTS = YES;
				CLANG_WARN_EMPTY_BODY = YES;
				CLANG_WARN_ENUM_CONVERSION = YES;
				CLANG_WARN_INFINITE_RECURSION = YES;
				CLANG_WARN_INT_CONVERSION = YES;
				CLANG_WARN_NON_LITERAL_NULL_CONVERSION = YES;
				CLANG_WARN_OBJC_LITERAL_CONVERSION = YES;
				CLANG_WARN_OBJC_ROOT_CLASS = YES_ERROR;
				CLANG_WARN_RANGE_LOOP_ANALYSIS = YES;
				CLANG_WARN_STRICT_PROTOTYPES = YES;
				CLANG_WARN_SUSPICIOUS_MOVE = YES;
				CLANG_WARN_UNREACHABLE_CODE = YES;
				CLANG_WARN__DUPLICATE_METHOD_MATCH = YES;
				"CODE_SIGN_IDENTITY[sdk=iphoneos*]" = "iPhone Developer";
				COPY_PHASE_STRIP = NO;
				DEBUG_INFORMATION_FORMAT = dwarf;
				ENABLE_STRICT_OBJC_MSGSEND = YES;
				ENABLE_TESTABILITY = YES;
				GCC_C_LANGUAGE_STANDARD = gnu99;
				GCC_DYNAMIC_NO_PIC = NO;
				GCC_NO_COMMON_BLOCKS = YES;
				GCC_OPTIMIZATION_LEVEL = 0;
				GCC_PREPROCESSOR_DEFINITIONS = (
					"DEBUG=1",
					"$(inherited)",
				);
				GCC_WARN_64_TO_32_BIT_CONVERSION = YES;
				GCC_WARN_ABOUT_RETURN_TYPE = YES_ERROR;
				GCC_WARN_UNDECLARED_SELECTOR = YES;
				GCC_WARN_UNINITIALIZED_AUTOS = YES_AGGRESSIVE;
				GCC_WARN_UNUSED_FUNCTION = YES;
				GCC_WARN_UNUSED_VARIABLE = YES;
				IPHONEOS_DEPLOYMENT_TARGET = 11.0;
				MTL_ENABLE_DEBUG_INFO = YES;
				ONLY_ACTIVE_ARCH = YES;
				SDKROOT = iphoneos;
				SWIFT_ACTIVE_COMPILATION_CONDITIONS = DEBUG;
				SWIFT_OPTIMIZATION_LEVEL = "-Onone";
				SWIFT_SWIFT3_OBJC_INFERENCE = Off;
				SWIFT_VERSION = 4.0;
			};
			name = Debug;
		};
		184D16741F72C9D400BBF892 /* Release */ = {
			isa = XCBuildConfiguration;
			buildSettings = {
				ALWAYS_SEARCH_USER_PATHS = NO;
				CLANG_ANALYZER_NONNULL = YES;
				CLANG_ANALYZER_NUMBER_OBJECT_CONVERSION = YES_AGGRESSIVE;
				CLANG_CXX_LANGUAGE_STANDARD = "gnu++0x";
				CLANG_CXX_LIBRARY = "libc++";
				CLANG_ENABLE_MODULES = YES;
				CLANG_ENABLE_OBJC_ARC = YES;
				CLANG_WARN_BLOCK_CAPTURE_AUTORELEASING = YES;
				CLANG_WARN_BOOL_CONVERSION = YES;
				CLANG_WARN_COMMA = YES;
				CLANG_WARN_CONSTANT_CONVERSION = YES;
				CLANG_WARN_DIRECT_OBJC_ISA_USAGE = YES_ERROR;
				CLANG_WARN_DOCUMENTATION_COMMENTS = YES;
				CLANG_WARN_EMPTY_BODY = YES;
				CLANG_WARN_ENUM_CONVERSION = YES;
				CLANG_WARN_INFINITE_RECURSION = YES;
				CLANG_WARN_INT_CONVERSION = YES;
				CLANG_WARN_NON_LITERAL_NULL_CONVERSION = YES;
				CLANG_WARN_OBJC_LITERAL_CONVERSION = YES;
				CLANG_WARN_OBJC_ROOT_CLASS = YES_ERROR;
				CLANG_WARN_RANGE_LOOP_ANALYSIS = YES;
				CLANG_WARN_STRICT_PROTOTYPES = YES;
				CLANG_WARN_SUSPICIOUS_MOVE = YES;
				CLANG_WARN_UNREACHABLE_CODE = YES;
				CLANG_WARN__DUPLICATE_METHOD_MATCH = YES;
				"CODE_SIGN_IDENTITY[sdk=iphoneos*]" = "iPhone Developer";
				COPY_PHASE_STRIP = NO;
				DEBUG_INFORMATION_FORMAT = "dwarf-with-dsym";
				ENABLE_NS_ASSERTIONS = NO;
				ENABLE_STRICT_OBJC_MSGSEND = YES;
				GCC_C_LANGUAGE_STANDARD = gnu99;
				GCC_NO_COMMON_BLOCKS = YES;
				GCC_WARN_64_TO_32_BIT_CONVERSION = YES;
				GCC_WARN_ABOUT_RETURN_TYPE = YES_ERROR;
				GCC_WARN_UNDECLARED_SELECTOR = YES;
				GCC_WARN_UNINITIALIZED_AUTOS = YES_AGGRESSIVE;
				GCC_WARN_UNUSED_FUNCTION = YES;
				GCC_WARN_UNUSED_VARIABLE = YES;
				IPHONEOS_DEPLOYMENT_TARGET = 11.0;
				MTL_ENABLE_DEBUG_INFO = NO;
				SDKROOT = iphoneos;
				SWIFT_OPTIMIZATION_LEVEL = "-Owholemodule";
				SWIFT_SWIFT3_OBJC_INFERENCE = Off;
				SWIFT_VERSION = 4.0;
				VALIDATE_PRODUCT = YES;
			};
			name = Release;
		};
		184D16761F72C9D400BBF892 /* Debug */ = {
			isa = XCBuildConfiguration;
			buildSettings = {
				ASSETCATALOG_COMPILER_APPICON_NAME = AppIcon;
				DEVELOPMENT_TEAM = 5R44JKFPWH;
				INFOPLIST_FILE = TinkoffChat/Info.plist;
				IPHONEOS_DEPLOYMENT_TARGET = 10.3;
				LD_RUNPATH_SEARCH_PATHS = "$(inherited) @executable_path/Frameworks";
				PRODUCT_BUNDLE_IDENTIFIER = Mari.TinkoffChat;
				PRODUCT_NAME = "$(TARGET_NAME)";
				SWIFT_SWIFT3_OBJC_INFERENCE = Default;
				SWIFT_VERSION = 4.0;
			};
			name = Debug;
		};
		184D16771F72C9D400BBF892 /* Release */ = {
			isa = XCBuildConfiguration;
			buildSettings = {
				ASSETCATALOG_COMPILER_APPICON_NAME = AppIcon;
				DEVELOPMENT_TEAM = 5R44JKFPWH;
				INFOPLIST_FILE = TinkoffChat/Info.plist;
				IPHONEOS_DEPLOYMENT_TARGET = 10.3;
				LD_RUNPATH_SEARCH_PATHS = "$(inherited) @executable_path/Frameworks";
				PRODUCT_BUNDLE_IDENTIFIER = Mari.TinkoffChat;
				PRODUCT_NAME = "$(TARGET_NAME)";
				SWIFT_SWIFT3_OBJC_INFERENCE = Default;
				SWIFT_VERSION = 4.0;
			};
			name = Release;
		};
/* End XCBuildConfiguration section */

/* Begin XCConfigurationList section */
		184D165E1F72C9D400BBF892 /* Build configuration list for PBXProject "TinkoffChat" */ = {
			isa = XCConfigurationList;
			buildConfigurations = (
				184D16731F72C9D400BBF892 /* Debug */,
				184D16741F72C9D400BBF892 /* Release */,
			);
			defaultConfigurationIsVisible = 0;
			defaultConfigurationName = Release;
		};
		184D16751F72C9D400BBF892 /* Build configuration list for PBXNativeTarget "TinkoffChat" */ = {
			isa = XCConfigurationList;
			buildConfigurations = (
				184D16761F72C9D400BBF892 /* Debug */,
				184D16771F72C9D400BBF892 /* Release */,
			);
			defaultConfigurationIsVisible = 0;
			defaultConfigurationName = Release;
		};
/* End XCConfigurationList section */

/* Begin XCVersionGroup section */
		184A94061FAB42A800D64552 /* TinkoffChat.xcdatamodeld */ = {
			isa = XCVersionGroup;
			children = (
				184A94071FAB42A800D64552 /* TinkoffChatDataModel.xcdatamodel */,
			);
			currentVersion = 184A94071FAB42A800D64552 /* TinkoffChatDataModel.xcdatamodel */;
			path = TinkoffChat.xcdatamodeld;
			sourceTree = "<group>";
			versionGroupType = wrapper.xcdatamodel;
		};
/* End XCVersionGroup section */
	};
	rootObject = 184D165B1F72C9D400BBF892 /* Project object */;
}
